
Microsoft Visual Studio Solution File, Format Version 12.00
# Visual Studio Version 16
VisualStudioVersion = 16.0.31729.503
MinimumVisualStudioVersion = 10.0.40219.1
Project("{FAE04EC0-301F-11D3-BF4B-00C04F79EFBC}") = "MT-Workflows", "MT-Workflows\MT-Workflows.csproj", "{AA02002D-79D1-46DF-B4DA-EEEF42BAF60F}"
EndProject
Global
	GlobalSection(SolutionConfigurationPlatforms) = preSolution
		Debug|Any CPU = Debug|Any CPU
		Release|Any CPU = Release|Any CPU
	EndGlobalSection
	GlobalSection(ProjectConfigurationPlatforms) = postSolution
		{AA02002D-79D1-46DF-B4DA-EEEF42BAF60F}.Debug|Any CPU.ActiveCfg = Debug|Any CPU
		{AA02002D-79D1-46DF-B4DA-EEEF42BAF60F}.Debug|Any CPU.Build.0 = Debug|Any CPU
		{AA02002D-79D1-46DF-B4DA-EEEF42BAF60F}.Release|Any CPU.ActiveCfg = Release|Any CPU
		{AA02002D-79D1-46DF-B4DA-EEEF42BAF60F}.Release|Any CPU.Build.0 = Release|Any CPU
	EndGlobalSection
	GlobalSection(SolutionProperties) = preSolution
		HideSolutionNode = FALSE
	EndGlobalSection
	GlobalSection(ExtensibilityGlobals) = postSolution
		SolutionGuid = {69FCFB49-B168-42DE-A5A1-72D71965E704}
	EndGlobalSection
EndGlobal
